<?xml version="1.0" encoding="utf-8"?>
<Project ToolsVersion="4.0" xmlns="http://schemas.microsoft.com/developer/msbuild/2003">
  <ItemGroup>
    <Filter Include="Archivos de recursos">
      <UniqueIdentifier>{67DA6AB6-F800-4c08-8B7A-83BB121AAD01}</UniqueIdentifier>
      <Extensions>rc;ico;cur;bmp;dlg;rc2;rct;bin;rgs;gif;jpg;jpeg;jpe;resx;tiff;tif;png;wav;mfcribbon-ms</Extensions>
    </Filter>
    <Filter Include="Source">
      <UniqueIdentifier>{4FC737F1-C7A5-4376-A066-2A32D752A2FF}</UniqueIdentifier>
      <Extensions>cpp;c;cc;cxx;def;odl;idl;hpj;bat;asm;asmx</Extensions>
    </Filter>
    <Filter Include="Header">
      <UniqueIdentifier>{93995380-89BD-4b04-88EB-625FBE52EBFB}</UniqueIdentifier>
      <Extensions>h;hpp;hxx;hm;inl;inc;xsd</Extensions>
    </Filter>
    <Filter Include="Source\TinyXML">
      <UniqueIdentifier>{a60d6467-5698-4880-a0d9-61fdfec9b671}</UniqueIdentifier>
    </Filter>
    <Filter Include="Header\TinyXML">
      <UniqueIdentifier>{3f13d3f7-119d-4994-a2f6-cb1b95215c43}</UniqueIdentifier>
    </Filter>
  </ItemGroup>
  <ItemGroup>
    <ClCompile Include="main.cpp">
      <Filter>Source</Filter>
    </ClCompile>
    <ClCompile Include="Tile.cpp">
      <Filter>Source</Filter>
    </ClCompile>
    <ClCompile Include="TileMap.cpp">
      <Filter>Source</Filter>
    </ClCompile>
    <ClCompile Include="Resource.cpp">
      <Filter>Source</Filter>
    </ClCompile>
    <ClCompile Include="ResBitmap.cpp">
      <Filter>Source</Filter>
    </ClCompile>
    <ClCompile Include="ResourceStack.cpp">
      <Filter>Source</Filter>
    </ClCompile>
    <ClCompile Include="Factory.cpp">
      <Filter>Source</Filter>
    </ClCompile>
    <ClCompile Include="TinyXML\xmltest.cpp">
      <Filter>Source\TinyXML</Filter>
    </ClCompile>
    <ClCompile Include="TinyXML\tinyxmlparser.cpp">
      <Filter>Source\TinyXML</Filter>
    </ClCompile>
    <ClCompile Include="TinyXML\tinyxmlerror.cpp">
      <Filter>Source\TinyXML</Filter>
    </ClCompile>
    <ClCompile Include="TinyXML\tinyxml.cpp">
      <Filter>Source\TinyXML</Filter>
    </ClCompile>
    <ClCompile Include="TinyXML\tinystr.cpp">
      <Filter>Source\TinyXML</Filter>
    </ClCompile>
    <ClCompile Include="ResTmxMap.cpp">
      <Filter>Source</Filter>
    </ClCompile>
    <ClCompile Include="Tileset.cpp">
      <Filter>Source</Filter>
    </ClCompile>
    <ClCompile Include="Layer.cpp">
      <Filter>Source</Filter>
    </ClCompile>
    <ClCompile Include="TilesetImg.cpp">
      <Filter>Source</Filter>
    </ClCompile>
  </ItemGroup>
  <ItemGroup>
    <ClInclude Include="Tile.h">
      <Filter>Header</Filter>
    </ClInclude>
    <ClInclude Include="Util.h">
      <Filter>Header</Filter>
    </ClInclude>
    <ClInclude Include="TileMap.h">
      <Filter>Header</Filter>
    </ClInclude>
    <ClInclude Include="Resource.h">
      <Filter>Header</Filter>
    </ClInclude>
    <ClInclude Include="ResBitmap.h">
      <Filter>Header</Filter>
    </ClInclude>
    <ClInclude Include="ResourceStack.h">
      <Filter>Header</Filter>
    </ClInclude>
    <ClInclude Include="Factory.h">
      <Filter>Header</Filter>
    </ClInclude>
    <ClInclude Include="TinyXML\tinystr.h">
      <Filter>Header\TinyXML</Filter>
    </ClInclude>
    <ClInclude Include="TinyXML\tinyxml.h">
      <Filter>Header\TinyXML</Filter>
    </ClInclude>
    <ClInclude Include="ResTmxMap.h">
      <Filter>Header</Filter>
    </ClInclude>
    <ClInclude Include="Tileset.h">
      <Filter>Header</Filter>
    </ClInclude>
    <ClInclude Include="IPaintable.h">
      <Filter>Header</Filter>
    </ClInclude>
    <ClInclude Include="Layer.h">
      <Filter>Header</Filter>
    </ClInclude>
    <ClInclude Include="TilesetImg.h">
      <Filter>Header</Filter>
    </ClInclude>
  </ItemGroup>
</Project>